Microsoft Visual Studio Solution File, Format Version 12.00
# Visual Studio Version 17
VisualStudioVersion = 17.2.32210.308
MinimumVisualStudioVersion = 10.0.40219.1
Project("{9A19103F-16F7-4668-BE54-9A1E7A4F7556}") = "Calculations", "v2\calculations.csproj", "{AAE21F8A-9BC2-4647-A9EB-4DC86C569080}"
EndProject
Global
    GlobalSection(SolutionConfigurationPlatforms) = preSolution
        Debug|Any CPU = Debug|Any CPU
        Release|Any CPU = Release|Any CPU
    EndGlobalSection
    GlobalSection(ProjectConfigurationPlatforms) = postSolution
        {AAE21F8A-9BC2-4647-A9EB-4DC86C569080}.Debug|Any CPU.ActiveCfg = Debug|Any CPU
        {AAE21F8A-9BC2-4647-A9EB-4DC86C569080}.Debug|Any CPU.Build.0 = Debug|Any CPU
        {AAE21F8A-9BC2-4647-A9EB-4DC86C569080}.Release|Any CPU.ActiveCfg = Release|Any CPU
        {AAE21F8A-9BC2-4647-A9EB-4DC86C569080}.Release|Any CPU.Build.0 = Release|Any CPU
    EndGlobalSection
    GlobalSection(SolutionProperties) = preSolution
        HideSolutionNode = FALSE
    EndGlobalSection
    GlobalSection(ExtensibilityGlobals) = postSolution
        SolutionGuid = {E5592DC2-0542-45B2-A0CF-C6B1EDC72B87}
    EndGlobalSection
EndGlobal