
Microsoft Visual Studio Solution File, Format Version 12.00
# Visual Studio Version 17
VisualStudioVersion = 17.2.32210.308
MinimumVisualStudioVersion = 10.0.40219.1
Project("{9A19103F-16F7-4668-BE54-9A1E7A4F7556}") = "Tests", "Tests\Tests.csproj", "{283EACC9-3AF6-4DAE-9C1C-0F7F8C8CD70D}"
EndProject
Project("{9A19103F-16F7-4668-BE54-9A1E7A4F7556}") = "QuantLib", "QuantLib\QuantLib.csproj", "{AAE21F8A-9BC2-4647-A9EB-4DC86C569080}"
EndProject
Project("{2150E333-8FDC-42A3-9474-1A3956D46DE8}") = "Docs", "Docs", "{3AA87FFE-4EEE-4C1B-82E0-2A5E40E2254D}"
	ProjectSection(SolutionItems) = preProject
		Docs\bars_and_HMA.dib = Docs\bars_and_HMA.dib
		Docs\Comparing_w_TALIB.ipynb = Docs\Comparing_w_TALIB.ipynb
		Docs\getting_started.ipynb = Docs\getting_started.ipynb
		Docs\Indicators.md = Docs\Indicators.md
		Docs\LICENSE = Docs\LICENSE
		Docs\ma-comparison.dib = Docs\ma-comparison.dib
		Docs\macd_example.ipynb = Docs\macd_example.ipynb
		Docs\QuantLib_Indicators.dib = Docs\QuantLib_Indicators.dib
		Docs\QuantLib_test.ipynb = Docs\QuantLib_test.ipynb
		Docs\README.md = Docs\README.md
	EndProjectSection
EndProject
Project("{2150E333-8FDC-42A3-9474-1A3956D46DE8}") = "Source", "Source", "{8D8CD223-7A8C-46C4-A326-58E0B735FBA4}"
EndProject
Project("{9A19103F-16F7-4668-BE54-9A1E7A4F7556}") = "Quantower", "Quantower_Charts\Quantower.csproj", "{5096AEA1-81BC-46E7-9F2B-B408AFAA850C}"
EndProject
Global
	GlobalSection(SolutionConfigurationPlatforms) = preSolution
		Debug|Any CPU = Debug|Any CPU
		Debug|x64 = Debug|x64
		Release|Any CPU = Release|Any CPU
		Release|x64 = Release|x64
	EndGlobalSection
	GlobalSection(ProjectConfigurationPlatforms) = postSolution
		{283EACC9-3AF6-4DAE-9C1C-0F7F8C8CD70D}.Debug|Any CPU.ActiveCfg = Debug|Any CPU
		{283EACC9-3AF6-4DAE-9C1C-0F7F8C8CD70D}.Debug|Any CPU.Build.0 = Debug|Any CPU
		{283EACC9-3AF6-4DAE-9C1C-0F7F8C8CD70D}.Debug|x64.ActiveCfg = Debug|Any CPU
		{283EACC9-3AF6-4DAE-9C1C-0F7F8C8CD70D}.Debug|x64.Build.0 = Debug|Any CPU
		{283EACC9-3AF6-4DAE-9C1C-0F7F8C8CD70D}.Release|Any CPU.ActiveCfg = Release|Any CPU
		{283EACC9-3AF6-4DAE-9C1C-0F7F8C8CD70D}.Release|Any CPU.Build.0 = Release|Any CPU
		{283EACC9-3AF6-4DAE-9C1C-0F7F8C8CD70D}.Release|x64.ActiveCfg = Release|Any CPU
		{283EACC9-3AF6-4DAE-9C1C-0F7F8C8CD70D}.Release|x64.Build.0 = Release|Any CPU
		{AAE21F8A-9BC2-4647-A9EB-4DC86C569080}.Debug|Any CPU.ActiveCfg = Debug|Any CPU
		{AAE21F8A-9BC2-4647-A9EB-4DC86C569080}.Debug|Any CPU.Build.0 = Debug|Any CPU
		{AAE21F8A-9BC2-4647-A9EB-4DC86C569080}.Debug|x64.ActiveCfg = Release|Any CPU
		{AAE21F8A-9BC2-4647-A9EB-4DC86C569080}.Debug|x64.Build.0 = Release|Any CPU
		{AAE21F8A-9BC2-4647-A9EB-4DC86C569080}.Release|Any CPU.ActiveCfg = Release|Any CPU
		{AAE21F8A-9BC2-4647-A9EB-4DC86C569080}.Release|Any CPU.Build.0 = Release|Any CPU
		{AAE21F8A-9BC2-4647-A9EB-4DC86C569080}.Release|x64.ActiveCfg = Release|Any CPU
		{AAE21F8A-9BC2-4647-A9EB-4DC86C569080}.Release|x64.Build.0 = Release|Any CPU
		{5096AEA1-81BC-46E7-9F2B-B408AFAA850C}.Debug|Any CPU.ActiveCfg = Release|Any CPU
		{5096AEA1-81BC-46E7-9F2B-B408AFAA850C}.Debug|Any CPU.Build.0 = Release|Any CPU
		{5096AEA1-81BC-46E7-9F2B-B408AFAA850C}.Debug|x64.ActiveCfg = Release|Any CPU
		{5096AEA1-81BC-46E7-9F2B-B408AFAA850C}.Debug|x64.Build.0 = Release|Any CPU
		{5096AEA1-81BC-46E7-9F2B-B408AFAA850C}.Release|Any CPU.ActiveCfg = Release|Any CPU
		{5096AEA1-81BC-46E7-9F2B-B408AFAA850C}.Release|Any CPU.Build.0 = Release|Any CPU
		{5096AEA1-81BC-46E7-9F2B-B408AFAA850C}.Release|x64.ActiveCfg = Release|Any CPU
		{5096AEA1-81BC-46E7-9F2B-B408AFAA850C}.Release|x64.Build.0 = Release|Any CPU
	EndGlobalSection
	GlobalSection(SolutionProperties) = preSolution
		HideSolutionNode = FALSE
	EndGlobalSection
	GlobalSection(NestedProjects) = preSolution
		{283EACC9-3AF6-4DAE-9C1C-0F7F8C8CD70D} = {8D8CD223-7A8C-46C4-A326-58E0B735FBA4}
		{AAE21F8A-9BC2-4647-A9EB-4DC86C569080} = {8D8CD223-7A8C-46C4-A326-58E0B735FBA4}
	EndGlobalSection
	GlobalSection(ExtensibilityGlobals) = postSolution
		SolutionGuid = {E5592DC2-0542-45B2-A0CF-C6B1EDC72B87}
	EndGlobalSection
EndGlobal
